
Microsoft Visual Studio Solution File, Format Version 12.00
# Visual Studio Version 17
VisualStudioVersion = 17.12.35707.178 d17.12
MinimumVisualStudioVersion = 10.0.40219.1
Project("{FAE04EC0-301F-11D3-BF4B-00C04F79EFBC}") = "BankingDashboard", "BankingDashboard.csproj", "{1EBC4EB6-1924-43E3-BA59-D9FA9384393F}"
EndProject
Project("{FAE04EC0-301F-11D3-BF4B-00C04F79EFBC}") = "BankingAPI", "..\BankingAPI\BankingAPI.csproj", "{F08C9DF4-7B96-4074-A7C6-3E5B99F5DE3F}"
EndProject
Global
	GlobalSection(SolutionConfigurationPlatforms) = preSolution
		Debug|Any CPU = Debug|Any CPU
		Release|Any CPU = Release|Any CPU
	EndGlobalSection
	GlobalSection(ProjectConfigurationPlatforms) = postSolution
		{1EBC4EB6-1924-43E3-BA59-D9FA9384393F}.Debug|Any CPU.ActiveCfg = Debug|Any CPU
		{1EBC4EB6-1924-43E3-BA59-D9FA9384393F}.Debug|Any CPU.Build.0 = Debug|Any CPU
		{1EBC4EB6-1924-43E3-BA59-D9FA9384393F}.Release|Any CPU.ActiveCfg = Release|Any CPU
		{1EBC4EB6-1924-43E3-BA59-D9FA9384393F}.Release|Any CPU.Build.0 = Release|Any CPU
		{F08C9DF4-7B96-4074-A7C6-3E5B99F5DE3F}.Debug|Any CPU.ActiveCfg = Debug|Any CPU
		{F08C9DF4-7B96-4074-A7C6-3E5B99F5DE3F}.Debug|Any CPU.Build.0 = Debug|Any CPU
		{F08C9DF4-7B96-4074-A7C6-3E5B99F5DE3F}.Release|Any CPU.ActiveCfg = Release|Any CPU
		{F08C9DF4-7B96-4074-A7C6-3E5B99F5DE3F}.Release|Any CPU.Build.0 = Release|Any CPU
	EndGlobalSection
	GlobalSection(SolutionProperties) = preSolution
		HideSolutionNode = FALSE
	EndGlobalSection
EndGlobal
